{
  "object": {
    "pins": [
      {
        "package": "PunkAPI",
        "repositoryURL": "git@github.com:LisitaEugen/swift-punk-api.git",
        "state": {
          "branch": null,
          "revision": "2c642a449cb3a05c33aa56fa98f872e2fbf71d1c",
          "version": "1.0.2"
        }
      }
    ]
  },
  "version": 1
}
